[[package]]
name = "anyio"
version = "3.7.1"
description = "High level compatibility layer for multiple asynchronous event loop implementations"
category = "main"
optional = false
python-versions = ">=3.7"

[package.dependencies]
idna = ">=2.8"
sniffio = ">=1.1"

[package.extras]
doc = ["packaging", "sphinx", "sphinx-rtd-theme (>=1.2.2)", "sphinxcontrib-jquery", "sphinx-autodoc-typehints (>=1.2.0)"]
test = ["anyio", "coverage[toml] (>=4.5)", "hypothesis (>=4.0)", "psutil (>=5.9)", "pytest (>=7.0)", "pytest-mock (>=3.6.1)", "trustme", "uvloop (>=0.17)", "mock (>=4)"]
trio = ["trio (<0.22)"]

[[package]]
name = "bareasgi"
version = "4.4.1"
description = "A lightweight ASGI framework"
category = "main"
optional = false
python-versions = ">=3.8,<4.0"

[package.dependencies]
bareutils = ">=4.0.0,<5.0.0"
jetblack-asgi-typing = ">=0.4.0,<0.5.0"

[[package]]
name = "bareasgi-cors"
version = "4.1.0"
description = "CORS support for bareasgi"
category = "main"
optional = false
python-versions = ">=3.8,<4.0"

[package.dependencies]
bareasgi = ">=4.0,<5.0"

[[package]]
name = "bareasgi-graphql-next"
version = "5.0.4"
description = "GraphQL support for the bareASGI framework"
category = "main"
optional = false
python-versions = ">=3.8,<4.0"

[package.dependencies]
bareASGI = ">=4.0.0,<5.0.0"
graphql-core = ">=3.1,<4.0"

[package.extras]
graphene = ["graphene (>=3.0,<4.0)"]

[[package]]
name = "bareutils"
version = "4.0.2"
description = "Utilities for bareASGI and bareClient"
category = "main"
optional = false
python-versions = ">=3.7,<4.0"

[[package]]
name = "certifi"
version = "2023.7.22"
description = "Python package for providing Mozilla's CA Bundle."
category = "main"
optional = false
python-versions = ">=3.6"

[[package]]
name = "graphql-core"
version = "3.2.3"
description = "GraphQL implementation for Python, a port of GraphQL.js, the JavaScript reference implementation for GraphQL."
category = "main"
optional = false
python-versions = ">=3.6,<4"

[[package]]
name = "h11"
version = "0.14.0"
description = "A pure-Python, bring-your-own-I/O implementation of HTTP/1.1"
category = "main"
optional = false
python-versions = ">=3.7"

[[package]]
name = "h2"
version = "4.1.0"
description = "HTTP/2 State-Machine based protocol implementation"
category = "main"
optional = false
python-versions = ">=3.6.1"

[package.dependencies]
hpack = ">=4.0,<5"
hyperframe = ">=6.0,<7"

[[package]]
name = "hpack"
version = "4.0.0"
description = "Pure-Python HPACK header compression"
category = "main"
optional = false
python-versions = ">=3.6.1"

[[package]]
name = "httpcore"
version = "0.17.3"
description = "A minimal low-level HTTP client."
category = "main"
optional = false
python-versions = ">=3.7"

[package.dependencies]
anyio = ">=3.0,<5.0"
certifi = "*"
h11 = ">=0.13,<0.15"
sniffio = ">=1.0.0,<2.0.0"

[package.extras]
http2 = ["h2 (>=3,<5)"]
socks = ["socksio (>=1.0.0,<2.0.0)"]

[[package]]
name = "httpx"
version = "0.24.1"
description = "The next generation HTTP client."
category = "main"
optional = false
python-versions = ">=3.7"

[package.dependencies]
certifi = "*"
httpcore = ">=0.15.0,<0.18.0"
idna = "*"
sniffio = "*"

[package.extras]
brotli = ["brotli", "brotlicffi"]
cli = ["click (>=8.0.0,<9.0.0)", "pygments (>=2.0.0,<3.0.0)", "rich (>=10,<14)"]
http2 = ["h2 (>=3,<5)"]
socks = ["socksio (>=1.0.0,<2.0.0)"]

[[package]]
name = "hypercorn"
version = "0.14.4"
description = "A ASGI Server based on Hyper libraries and inspired by Gunicorn"
category = "main"
optional = false
python-versions = ">=3.7"

[package.dependencies]
h11 = "*"
h2 = ">=3.1.0"
priority = "*"
wsproto = ">=0.14.0"

[package.extras]
h3 = ["aioquic (>=0.9.0,<1.0)"]
trio = ["exceptiongroup (>=1.1.0)", "trio (>=0.22.0)"]
docs = ["pydata-sphinx-theme"]
uvloop = ["uvloop"]

[[package]]
name = "hyperframe"
version = "6.0.1"
description = "HTTP/2 framing layer for Python"
category = "main"
optional = false
python-versions = ">=3.6.1"

[[package]]
name = "idna"
version = "3.4"
description = "Internationalized Domain Names in Applications (IDNA)"
category = "main"
optional = false
python-versions = ">=3.5"

[[package]]
name = "jetblack-asgi-typing"
version = "0.4.0"
description = "Just the types for ASGI"
category = "main"
optional = false
python-versions = ">=3.8,<4.0"

[[package]]
name = "jetblack-iso8601"
version = "1.0.2"
description = "ISO 8601 support"
category = "main"
optional = false
python-versions = ">=3.7,<4.0"

[[package]]
name = "priority"
version = "2.0.0"
description = "A pure-Python implementation of the HTTP/2 priority tree"
category = "main"
optional = false
python-versions = ">=3.6.1"

[[package]]
name = "sniffio"
version = "1.3.0"
description = "Sniff out which async library your code is running under"
category = "main"
optional = false
python-versions = ">=3.7"

[[package]]
name = "websockets"
version = "11.0.3"
description = "An implementation of the WebSocket Protocol (RFC 6455 & 7692)"
category = "main"
optional = false
python-versions = ">=3.7"

[[package]]
name = "wsproto"
version = "1.2.0"
description = "WebSockets state-machine based protocol implementation"
category = "main"
optional = false
python-versions = ">=3.7.0"

[package.dependencies]
h11 = ">=0.9.0,<1"

[metadata]
lock-version = "1.1"
python-versions = "3.11"
content-hash = "e35945b5c8b213455d8364c98ee383076de6509b8b8bc384183aa00554c9fec9"

[metadata.files]
anyio = []
bareasgi = []
bareasgi-cors = []
bareasgi-graphql-next = []
bareutils = []
certifi = []
graphql-core = []
h11 = []
h2 = []
hpack = []
httpcore = []
httpx = []
hypercorn = []
hyperframe = []
idna = []
jetblack-asgi-typing = []
jetblack-iso8601 = []
priority = []
sniffio = []
websockets = []
wsproto = []
